{
  "plugin_type": "extractors",
  "name": "tap-zendesk",
  "namespace": "tap_zendesk",
  "variant": "meltanolabs",
  "label": "Zendesk (Support)",
  "docs": "https://www.matatika.com/data-details/tap-zendesk/",
  "repo": "https://github.com/MeltanoLabs/tap-zendesk",
  "pip_url": "git+https://github.com/MeltanoLabs/tap-zendesk@v0.1.0",
  "description": "Zendesk Support is a customer service platform that helps businesses manage\ncustomer interactions across channels including email, chat, phone, and social media.\n\n\nThis tap extracts data from the Zendesk Support and Help Center APIs using\nthe Meltano Singer SDK. It authenticates using API Token auth (HTTP Basic\nwith `{email}/token:{api_token}`).\n\n\n### Prerequisites\n\n\n**API Token:** Generate an API token in Zendesk Admin Center\n\u2192 Apps and integrations \u2192 Zendesk API \u2192 API token. Provide your agent\nemail and the token.\n\n\n### Available Streams\n\n\n**Incremental streams** (bookmark state preserved between syncs):\n\n| Stream | Replication Key | Description |\n|---|---|---|\n| `tickets` | `updated_at` | Support tickets |\n| `users` | `updated_at` | Agents, admins, end-users |\n| `organizations` | `updated_at` | Organizations linked to users and tickets |\n| `ticket_metric_events` | `time` | Metric milestone events (reply time, wait time) |\n\n\n**Full table streams**:\n\n| Stream | Description |\n|---|---|\n| `automations` | Time-based automation rules |\n| `brands` | Brand configurations (multi-brand setups) |\n| `custom_roles` | Custom agent roles |\n| `group_memberships` | Agent-to-group memberships |\n| `groups` | Agent groups |\n| `macros` | Macros for bulk-updating tickets |\n| `organization_fields` | Custom fields defined on organizations |\n| `organization_memberships` | User-to-organization memberships |\n| `satisfaction_ratings` | CSAT ratings submitted by end-users |\n| `schedules` | Business hours schedules |\n| `sla_policies` | SLA policy definitions |\n| `tags` | Tag vocabulary with usage counts |\n| `ticket_fields` | Ticket field definitions (system and custom) |\n| `ticket_forms` | Ticket form definitions (Enterprise; skipped gracefully if unavailable) |\n| `ticket_metrics` | Per-ticket SLA and timing metrics |\n| `triggers` | Event-based automation triggers |\n| `user_fields` | Custom user field definitions |\n| `user_identities` | Email, phone, social accounts per user (child of `users`) |\n| `views` | Shared and personal ticket views |\n\n\n**Help Center streams** (Guide API \u2014 skipped gracefully if Guide is not enabled):\n\n| Stream | Description |\n|---|---|\n| `articles` | Knowledge base articles |\n| `categories` | Top-level Help Center categories |\n| `posts` | Community posts |\n| `sections` | Sections within categories |\n| `topics` | Community discussion topics |\n\n\n#### `tickets`\nSupports incremental replication via the Zendesk cursor-based incremental export API.\n\n| Field | Type | Description |\n|---|---|---|\n| `id` | integer | Unique ticket identifier |\n| `url` | string | API URL of the ticket |\n| `external_id` | string | External identifier |\n| `type` | string | Ticket type (problem, incident, question, task) |\n| `subject` | string | Ticket subject |\n| `raw_subject` | string | Unformatted subject |\n| `description` | string | First comment body |\n| `priority` | string | Ticket priority (urgent, high, normal, low) |\n| `status` | string | Ticket status (new, open, pending, hold, solved, closed) |\n| `recipient` | string | Email address the ticket was sent to |\n| `requester_id` | integer | ID of the requester |\n| `submitter_id` | integer | ID of the submitter |\n| `assignee_id` | integer | ID of the assigned agent |\n| `organization_id` | integer | ID of the requester's organization |\n| `group_id` | integer | ID of the assigned group |\n| `collaborator_ids` | array[integer] | IDs of collaborators |\n| `follower_ids` | array[integer] | IDs of followers |\n| `has_incidents` | boolean | Whether this ticket has incident links |\n| `is_public` | boolean | Whether comments are public |\n| `due_at` | datetime | Due date for task tickets |\n| `tags` | array[string] | Tags applied to the ticket |\n| `custom_fields` | array[object] | Custom field values |\n| `satisfaction_rating` | object | CSAT rating (id, score, comment) |\n| `brand_id` | integer | Brand the ticket belongs to |\n| `generated_timestamp` | integer | Unix timestamp of last export cursor position |\n| `created_at` | datetime | Ticket creation timestamp |\n| `updated_at` | datetime | Last modification timestamp \u2014 replication key |\n| `via` | object | Channel the ticket was created through |\n\n\n#### `users`\nSupports incremental replication via the Zendesk time-based incremental export API.\n\n| Field | Type | Description |\n|---|---|---|\n| `id` | integer | Unique user identifier |\n| `url` | string | API URL of the user |\n| `name` | string | Full name |\n| `email` | string | Primary email address |\n| `created_at` | datetime | Account creation timestamp |\n| `updated_at` | datetime | Last modification timestamp \u2014 replication key |\n| `time_zone` | string | User time zone |\n| `phone` | string | Phone number |\n| `locale_id` | integer | Locale ID |\n| `locale` | string | BCP-47 locale string |\n| `organization_id` | integer | Primary organization ID |\n| `role` | string | Role (end-user, agent, admin) |\n| `verified` | boolean | Whether the user is verified |\n| `external_id` | string | External identifier |\n| `tags` | array[string] | Tags |\n| `alias` | string | Displayed alias |\n| `active` | boolean | Whether the user is active |\n| `suspended` | boolean | Whether the user is suspended |\n| `default_group_id` | integer | Default group ID for agents |\n| `last_login_at` | datetime | Last login timestamp |\n| `custom_role_id` | integer | Custom role ID for agents |\n\n\n#### `organizations`\nSupports incremental replication via the Zendesk time-based incremental export API.\n\n| Field | Type | Description |\n|---|---|---|\n| `id` | integer | Unique organization identifier |\n| `url` | string | API URL of the organization |\n| `name` | string | Organization name |\n| `shared_tickets` | boolean | Whether tickets are shared within the organization |\n| `shared_comments` | boolean | Whether comments are shared within the organization |\n| `external_id` | string | External identifier |\n| `created_at` | datetime | Creation timestamp |\n| `updated_at` | datetime | Last modification timestamp \u2014 replication key |\n| `domain_names` | array[string] | Domains associated with the organization |\n| `details` | string | Details |\n| `notes` | string | Notes |\n| `group_id` | integer | Default group ID |\n| `tags` | array[string] | Tags |\n| `custom_fields` | object | Custom field values |\n\n\n#### `groups`\n| Field | Type | Description |\n|---|---|---|\n| `id` | integer | Unique group identifier |\n| `url` | string | API URL |\n| `name` | string | Group name |\n| `description` | string | Group description |\n| `default` | boolean | Whether this is the default group |\n| `deleted` | boolean | Whether the group is deleted |\n| `created_at` | datetime | Creation timestamp |\n| `updated_at` | datetime | Last modification timestamp |\n\n\n#### `group_memberships`\n| Field | Type | Description |\n|---|---|---|\n| `id` | integer | Unique membership identifier |\n| `url` | string | API URL |\n| `user_id` | integer | Agent user ID |\n| `group_id` | integer | Group ID |\n| `default` | boolean | Whether this is the agent's default group |\n| `created_at` | datetime | Creation timestamp |\n| `updated_at` | datetime | Last modification timestamp |\n\n\n#### `macros`\n| Field | Type | Description |\n|---|---|---|\n| `id` | integer | Unique macro identifier |\n| `url` | string | API URL |\n| `title` | string | Macro title |\n| `active` | boolean | Whether the macro is active |\n| `restriction` | object | Visibility restriction (type, id/ids) |\n| `actions` | array[object] | Actions applied by the macro (field, value) |\n| `created_at` | datetime | Creation timestamp |\n| `updated_at` | datetime | Last modification timestamp |\n\n\n#### `organization_fields`\n| Field | Type | Description |\n|---|---|---|\n| `id` | integer | Unique field identifier |\n| `url` | string | API URL |\n| `key` | string | Field key used in API calls |\n| `type` | string | Field type (text, textarea, dropdown, etc.) |\n| `title` | string | Display title |\n| `description` | string | Field description |\n| `position` | integer | Display position |\n| `active` | boolean | Whether the field is active |\n| `created_at` | datetime | Creation timestamp |\n| `updated_at` | datetime | Last modification timestamp |\n\n\n#### `organization_memberships`\n| Field | Type | Description |\n|---|---|---|\n| `id` | integer | Unique membership identifier |\n| `url` | string | API URL |\n| `user_id` | integer | User ID |\n| `organization_id` | integer | Organization ID |\n| `default` | boolean | Whether this is the user's default organization |\n| `created_at` | datetime | Creation timestamp |\n| `updated_at` | datetime | Last modification timestamp |\n\n\n#### `satisfaction_ratings`\n| Field | Type | Description |\n|---|---|---|\n| `id` | integer | Unique rating identifier |\n| `url` | string | API URL |\n| `assignee_id` | integer | Assigned agent ID |\n| `group_id` | integer | Group ID |\n| `requester_id` | integer | Requester user ID |\n| `ticket_id` | integer | Associated ticket ID |\n| `score` | string | Rating score (good, bad, offered) |\n| `created_at` | datetime | Rating creation timestamp |\n| `updated_at` | datetime | Last modification timestamp |\n| `reason` | string | Reason for the rating |\n| `reason_code` | integer | Numeric reason code |\n| `comment` | string | Customer comment |\n\n\n#### `schedules`\n| Field | Type | Description |\n|---|---|---|\n| `id` | integer | Unique schedule identifier |\n| `name` | string | Schedule name |\n| `time_zone` | string | Time zone |\n| `created_at` | datetime | Creation timestamp |\n| `updated_at` | datetime | Last modification timestamp |\n| `intervals` | array[object] | Business hour intervals (start_time, end_time in minutes from Sunday midnight) |\n\n\n#### `sla_policies`\n| Field | Type | Description |\n|---|---|---|\n| `id` | integer | Unique SLA policy identifier |\n| `url` | string | API URL |\n| `title` | string | Policy title |\n| `description` | string | Policy description |\n| `position` | integer | Evaluation order |\n| `filter` | object | Conditions that activate the policy |\n| `policy_metrics` | array[object] | Metric definitions (priority, metric, target, business_hours) |\n| `created_at` | datetime | Creation timestamp |\n| `updated_at` | datetime | Last modification timestamp |\n\n\n#### `triggers`\n| Field | Type | Description |\n|---|---|---|\n| `id` | integer | Unique trigger identifier |\n| `url` | string | API URL |\n| `title` | string | Trigger title |\n| `active` | boolean | Whether the trigger is active |\n| `position` | integer | Evaluation order |\n| `description` | string | Trigger description |\n| `conditions` | object | Conditions that activate the trigger (all, any) |\n| `actions` | array[object] | Actions performed (field, value) |\n| `created_at` | datetime | Creation timestamp |\n| `updated_at` | datetime | Last modification timestamp |\n\n\n#### `custom_roles`\n| Field | Type | Description |\n|---|---|---|\n| `id` | integer | Unique role identifier |\n| `name` | string | Role name |\n| `description` | string | Role description |\n| `configuration` | object | Permission configuration |\n| `role_type` | integer | Role type (0 = custom) |\n| `team_member_count` | integer | Number of agents with this role |\n| `created_at` | datetime | Creation timestamp |\n| `updated_at` | datetime | Last modification timestamp |\n\n\n#### `user_identities`\nChild stream of `users`. Each user's identities (email addresses, phone numbers,\nsocial accounts) are fetched after the parent user record is emitted.\n\n| Field | Type | Description |\n|---|---|---|\n| `id` | integer | Unique identity identifier |\n| `url` | string | API URL |\n| `user_id` | integer | Parent user ID |\n| `type` | string | Identity type (email, twitter, facebook, google, phone_number, etc.) |\n| `value` | string | Identity value (email address, handle, etc.) |\n| `verified` | boolean | Whether the identity is verified |\n| `primary` | boolean | Whether this is the primary identity |\n| `created_at` | datetime | Creation timestamp |\n| `updated_at` | datetime | Last modification timestamp |\n| `undeliverable_count` | integer | Count of undeliverable emails |\n| `deliverable_state` | string | Email deliverability state |\n\n\n#### `categories`\nZendesk Help Center (Guide API) categories.\n\n| Field | Type | Description |\n|---|---|---|\n| `id` | integer | Unique category identifier |\n| `url` | string | API URL |\n| `html_url` | string | Browser URL |\n| `source_locale` | string | Source locale |\n| `locale` | string | Current locale |\n| `outdated` | boolean | Whether a translation is outdated |\n| `name` | string | Category name |\n| `description` | string | Category description |\n| `position` | integer | Display position |\n| `created_at` | datetime | Creation timestamp |\n| `updated_at` | datetime | Last modification timestamp |\n\n\n#### `sections`\nZendesk Help Center (Guide API) sections.\n\n| Field | Type | Description |\n|---|---|---|\n| `id` | integer | Unique section identifier |\n| `url` | string | API URL |\n| `html_url` | string | Browser URL |\n| `source_locale` | string | Source locale |\n| `locale` | string | Current locale |\n| `outdated` | boolean | Whether a translation is outdated |\n| `name` | string | Section name |\n| `description` | string | Section description |\n| `position` | integer | Display position |\n| `sorting` | string | Sort order (manual, title, creation, etc.) |\n| `created_at` | datetime | Creation timestamp |\n| `updated_at` | datetime | Last modification timestamp |\n| `parent_section_id` | integer | Parent section ID (for nested sections) |\n| `category_id` | integer | Parent category ID |\n| `theme_template` | string | Theme template |\n\n\n#### `posts`\nZendesk Help Center (Guide API) community posts.\n\n| Field | Type | Description |\n|---|---|---|\n| `id` | integer | Unique post identifier |\n| `author_id` | integer | Author user ID |\n| `comment_count` | integer | Number of comments |\n| `created_at` | datetime | Creation timestamp |\n| `updated_at` | datetime | Last modification timestamp |\n| `details` | string | Post body |\n| `featured` | boolean | Whether the post is featured |\n| `follower_count` | integer | Number of followers |\n| `html_url` | string | Browser URL |\n| `label_names` | array[string] | Labels applied to the post |\n| `pinned` | boolean | Whether the post is pinned |\n| `section_id` | integer | Parent section ID |\n| `status` | string | Post status (planned, not_planned, completed, published) |\n| `title` | string | Post title |\n| `topic_id` | integer | Community topic ID |\n| `url` | string | API URL |\n| `vote_count` | integer | Total votes |\n| `vote_sum` | integer | Net vote score |\n",
  "logo_url": "/assets/logos/extractors/zendesk.png",
  "capabilities": [
    "catalog",
    "discover",
    "state",
    "about"
  ],
  "settings": [
    {
      "name": "subdomain",
      "kind": "string",
      "label": "Subdomain",
      "description": "Your Zendesk subdomain. For example, if your Zendesk URL is https://mycompany.zendesk.com then your subdomain is `mycompany`.",
      "hidden": false,
      "sensitive": false,
      "required": "true",
      "configured": false,
      "protected": false
    },
    {
      "name": "email",
      "kind": "string",
      "label": "Email",
      "description": "Zendesk agent email address. Required when using API Token auth (set together with `api_token`).",
      "hidden": false,
      "sensitive": false,
      "required": "false",
      "configured": false,
      "protected": false
    },
    {
      "name": "api_token",
      "kind": "string",
      "label": "API Token",
      "description": "Zendesk API token. Used with `email` for API Token auth (HTTP Basic: {email}/token:{api_token}). Generate in Zendesk Admin Center \u2192 Apps and integrations \u2192 Zendesk API \u2192 API token.",
      "hidden": false,
      "sensitive": true,
      "required": "false",
      "configured": false,
      "protected": false
    },
    {
      "name": "start_date",
      "kind": "date_iso8601",
      "label": "Start Date",
      "description": "Earliest record date to sync (ISO 8601, e.g. 2020-01-01T00:00:00Z).",
      "hidden": false,
      "sensitive": false,
      "required": "true",
      "configured": false,
      "protected": false
    }
  ]
}
